
Microsoft Visual Studio Solution File, Format Version 9.00
# Visual Studio 2005
Project("{8BC9CEB8-8B4A-11D0-8D11-00A0C91BC942}") = "test_mysql", "test_mysql\test_mysql.vcproj", "{C1A469DE-25A2-4196-84DC-9D6805B79588}"
EndProject
Project("{8BC9CEB8-8B4A-11D0-8D11-00A0C91BC942}") = "test_sqlite", "test_sqlite\test_sqlite.vcproj", "{8C793DE3-283E-460C-A876-29455F68CB45}"
EndProject
Project("{8BC9CEB8-8B4A-11D0-8D11-00A0C91BC942}") = "test_odbc", "test_odbc\test_odbc.vcproj", "{86C60EAD-F5B4-482B-9CC2-92A77323E759}"
EndProject
Project("{8BC9CEB8-8B4A-11D0-8D11-00A0C91BC942}") = "test_mariadb", "test_mariadb\test_mariadb.vcproj", "{2A539BFA-B934-4192-A029-524593AEC6B8}"
EndProject
Global
	GlobalSection(SolutionConfigurationPlatforms) = preSolution
		Debug|Win32 = Debug|Win32
		Release|Win32 = Release|Win32
	EndGlobalSection
	GlobalSection(ProjectConfigurationPlatforms) = postSolution
		{C1A469DE-25A2-4196-84DC-9D6805B79588}.Debug|Win32.ActiveCfg = Debug|Win32
		{C1A469DE-25A2-4196-84DC-9D6805B79588}.Debug|Win32.Build.0 = Debug|Win32
		{C1A469DE-25A2-4196-84DC-9D6805B79588}.Release|Win32.ActiveCfg = Release|Win32
		{C1A469DE-25A2-4196-84DC-9D6805B79588}.Release|Win32.Build.0 = Release|Win32
		{8C793DE3-283E-460C-A876-29455F68CB45}.Debug|Win32.ActiveCfg = Debug|Win32
		{8C793DE3-283E-460C-A876-29455F68CB45}.Debug|Win32.Build.0 = Debug|Win32
		{8C793DE3-283E-460C-A876-29455F68CB45}.Release|Win32.ActiveCfg = Release|Win32
		{8C793DE3-283E-460C-A876-29455F68CB45}.Release|Win32.Build.0 = Release|Win32
		{86C60EAD-F5B4-482B-9CC2-92A77323E759}.Debug|Win32.ActiveCfg = Debug|Win32
		{86C60EAD-F5B4-482B-9CC2-92A77323E759}.Debug|Win32.Build.0 = Debug|Win32
		{86C60EAD-F5B4-482B-9CC2-92A77323E759}.Release|Win32.ActiveCfg = Release|Win32
		{86C60EAD-F5B4-482B-9CC2-92A77323E759}.Release|Win32.Build.0 = Release|Win32
		{2A539BFA-B934-4192-A029-524593AEC6B8}.Debug|Win32.ActiveCfg = Debug|Win32
		{2A539BFA-B934-4192-A029-524593AEC6B8}.Debug|Win32.Build.0 = Debug|Win32
		{2A539BFA-B934-4192-A029-524593AEC6B8}.Release|Win32.ActiveCfg = Release|Win32
		{2A539BFA-B934-4192-A029-524593AEC6B8}.Release|Win32.Build.0 = Release|Win32
	EndGlobalSection
	GlobalSection(SolutionProperties) = preSolution
		HideSolutionNode = FALSE
	EndGlobalSection
EndGlobal
